<?xml version="1.0" encoding="utf-8"?>
<Project ToolsVersion="4.0" xmlns="http://schemas.microsoft.com/developer/msbuild/2003">
  <ItemGroup>
    <Filter Include="Source Files">
      <UniqueIdentifier>{4FC737F1-C7A5-4376-A066-2A32D752A2FF}</UniqueIdentifier>
      <Extensions>cpp;c;cc;cxx;c++;cppm;ixx;def;odl;idl;hpj;bat;asm;asmx</Extensions>
    </Filter>
    <Filter Include="Header Files">
      <UniqueIdentifier>{93995380-89BD-4b04-88EB-625FBE52EBFB}</UniqueIdentifier>
      <Extensions>h;hh;hpp;hxx;h++;hm;inl;inc;ipp;xsd</Extensions>
    </Filter>
    <Filter Include="Resource Files">
      <UniqueIdentifier>{67DA6AB6-F800-4c08-8B7A-83BB121AAD01}</UniqueIdentifier>
      <Extensions>rc;ico;cur;bmp;dlg;rc2;rct;bin;rgs;gif;jpg;jpeg;jpe;resx;tiff;tif;png;wav;mfcribbon-ms</Extensions>
    </Filter>
    <Filter Include="Header Files\GameObjects">
      <UniqueIdentifier>{6edb5890-9069-4df8-b0d4-6fde4ea18d04}</UniqueIdentifier>
    </Filter>
    <Filter Include="Source Files\GameObjects">
      <UniqueIdentifier>{855f42eb-faa0-4332-a8f5-124c1efd5698}</UniqueIdentifier>
    </Filter>
    <Filter Include="Header Files\Systems">
      <UniqueIdentifier>{9cae134e-020c-4af4-a9d2-1d47c02750ce}</UniqueIdentifier>
    </Filter>
    <Filter Include="Header Files\Systems\Graphics">
      <UniqueIdentifier>{ea44c72a-219a-421d-9aaf-96ea066f28c0}</UniqueIdentifier>
    </Filter>
    <Filter Include="Source Files\Systems">
      <UniqueIdentifier>{9a7e3f5e-a8f6-4ee2-afe2-129fb31671f3}</UniqueIdentifier>
    </Filter>
    <Filter Include="Source Files\Systems\Graphics">
      <UniqueIdentifier>{a314a2ec-c849-4de9-8336-39dfbb67d5b1}</UniqueIdentifier>
    </Filter>
    <Filter Include="Header Files\Physics">
      <UniqueIdentifier>{755607eb-1acb-4e80-b649-d53dfe8e6e36}</UniqueIdentifier>
    </Filter>
    <Filter Include="Source Files\Physics">
      <UniqueIdentifier>{34c7c738-6db6-4486-84ee-692f10b3eff1}</UniqueIdentifier>
    </Filter>
    <Filter Include="Header Files\GameObjects\Player">
      <UniqueIdentifier>{47912625-bd3e-4e17-9630-bbc8dc0a2deb}</UniqueIdentifier>
    </Filter>
    <Filter Include="Header Files\GameObjects\Enemies">
      <UniqueIdentifier>{cd031ff1-f91a-45ec-b78e-7a5d9eaba9dd}</UniqueIdentifier>
    </Filter>
    <Filter Include="Source Files\GameObjects\Player">
      <UniqueIdentifier>{04ffc59b-cfe9-496c-a4a1-db76d3eeb355}</UniqueIdentifier>
    </Filter>
    <Filter Include="Source Files\GameObjects\Enemies">
      <UniqueIdentifier>{df8c1fbd-8797-414a-bf01-bf198259385f}</UniqueIdentifier>
    </Filter>
    <Filter Include="Header Files\GameObjects\Items">
      <UniqueIdentifier>{ea12b1d5-7857-4aca-9f0b-e351d90faa45}</UniqueIdentifier>
    </Filter>
    <Filter Include="Source Files\GameObjects\Items">
      <UniqueIdentifier>{4e58a44f-df82-44ae-be6d-c629b5160616}</UniqueIdentifier>
    </Filter>
    <Filter Include="Header Files\GameObjects\Blocks">
      <UniqueIdentifier>{5e90e744-28f7-4c68-8ba3-abf7cb433003}</UniqueIdentifier>
    </Filter>
    <Filter Include="Source Files\GameObjects\Blocks">
      <UniqueIdentifier>{f2fc0362-27da-44e0-a899-f2fdc791e3d3}</UniqueIdentifier>
    </Filter>
    <Filter Include="Header Files\Systems\Scenes">
      <UniqueIdentifier>{9c585364-cc17-497b-a50d-940546233f0f}</UniqueIdentifier>
    </Filter>
    <Filter Include="Source Files\Systems\Scenes">
      <UniqueIdentifier>{54918e00-9314-4c59-936a-f4a6b9163cc4}</UniqueIdentifier>
    </Filter>
    <Filter Include="Header Files\Systems\Inputs">
      <UniqueIdentifier>{b559bbf9-b1f5-4d22-ade5-c4506fdd705e}</UniqueIdentifier>
    </Filter>
    <Filter Include="Source Files\Systems\Inputs">
      <UniqueIdentifier>{8dc549d3-353f-4e81-84f6-56a232fb9792}</UniqueIdentifier>
    </Filter>
    <Filter Include="Header Files\GameObjects\BackGrounds">
      <UniqueIdentifier>{3872a9b6-0e42-437b-a65e-abb5a5cb961b}</UniqueIdentifier>
    </Filter>
    <Filter Include="Source Files\GameObjects\BackGrounds">
      <UniqueIdentifier>{42946b10-7265-452b-bf34-09c56d2e1744}</UniqueIdentifier>
    </Filter>
  </ItemGroup>
  <ItemGroup>
    <None Include="packages.config" />
  </ItemGroup>
  <ItemGroup>
    <ClInclude Include="GameObject.h">
      <Filter>Header Files\GameObjects</Filter>
    </ClInclude>
    <ClInclude Include="Animation.h">
      <Filter>Header Files\Systems\Graphics</Filter>
    </ClInclude>
    <ClInclude Include="AnimationFrame.h">
      <Filter>Header Files\Systems\Graphics</Filter>
    </ClInclude>
    <ClInclude Include="Animations.h">
      <Filter>Header Files\Systems\Graphics</Filter>
    </ClInclude>
    <ClInclude Include="AssetIDs.h">
      <Filter>Header Files\Systems\Graphics</Filter>
    </ClInclude>
    <ClInclude Include="Sprite.h">
      <Filter>Header Files\Systems\Graphics</Filter>
    </ClInclude>
    <ClInclude Include="Sprites.h">
      <Filter>Header Files\Systems\Graphics</Filter>
    </ClInclude>
    <ClInclude Include="Texture.h">
      <Filter>Header Files\Systems\Graphics</Filter>
    </ClInclude>
    <ClInclude Include="Textures.h">
      <Filter>Header Files\Systems\Graphics</Filter>
    </ClInclude>
    <ClInclude Include="debug.h">
      <Filter>Header Files\Systems</Filter>
    </ClInclude>
    <ClInclude Include="Game.h">
      <Filter>Header Files\Systems</Filter>
    </ClInclude>
    <ClInclude Include="Utils.h">
      <Filter>Header Files\Systems</Filter>
    </ClInclude>
    <ClInclude Include="Collision.h">
      <Filter>Header Files\Physics</Filter>
    </ClInclude>
    <ClInclude Include="Mario.h">
      <Filter>Header Files\GameObjects\Player</Filter>
    </ClInclude>
    <ClInclude Include="Goomba.h">
      <Filter>Header Files\GameObjects\Enemies</Filter>
    </ClInclude>
    <ClInclude Include="Coin.h">
      <Filter>Header Files\GameObjects\Items</Filter>
    </ClInclude>
    <ClInclude Include="Brick.h">
      <Filter>Header Files\GameObjects\Blocks</Filter>
    </ClInclude>
    <ClInclude Include="Platform.h">
      <Filter>Header Files\GameObjects\Blocks</Filter>
    </ClInclude>
    <ClInclude Include="Portal.h">
      <Filter>Header Files\GameObjects\Blocks</Filter>
    </ClInclude>
    <ClInclude Include="Scene.h">
      <Filter>Header Files\Systems\Scenes</Filter>
    </ClInclude>
    <ClInclude Include="PlayScene.h">
      <Filter>Header Files\Systems\Scenes</Filter>
    </ClInclude>
    <ClInclude Include="KeyEventHandler.h">
      <Filter>Header Files\Systems\Inputs</Filter>
    </ClInclude>
    <ClInclude Include="SampleKeyEventHandler.h">
      <Filter>Header Files\Systems\Inputs</Filter>
    </ClInclude>
    <ClInclude Include="BackGroundImage.h">
      <Filter>Header Files\GameObjects\BackGrounds</Filter>
    </ClInclude>
    <ClInclude Include="Pipe.h">
      <Filter>Header Files\GameObjects\Blocks</Filter>
    </ClInclude>
    <ClInclude Include="BackGroundTile.h">
      <Filter>Header Files\GameObjects\BackGrounds</Filter>
    </ClInclude>
    <ClInclude Include="QuestionBlock.h">
      <Filter>Header Files\GameObjects\Blocks</Filter>
    </ClInclude>
    <ClInclude Include="SpawnTrigger.h">
      <Filter>Header Files\GameObjects\Enemies</Filter>
    </ClInclude>
    <ClInclude Include="RedGoomba.h">
      <Filter>Header Files\GameObjects\Enemies</Filter>
    </ClInclude>
    <ClInclude Include="Koopa.h">
      <Filter>Header Files\GameObjects\Enemies</Filter>
    </ClInclude>
    <ClInclude Include="Mushroom.h">
      <Filter>Header Files\GameObjects\Items</Filter>
    </ClInclude>
    <ClInclude Include="Leaf.h">
      <Filter>Header Files\GameObjects\Items</Filter>
    </ClInclude>
    <ClInclude Include="PiranhaPlant.h">
      <Filter>Header Files\GameObjects\Enemies</Filter>
    </ClInclude>
    <ClInclude Include="Bullet.h">
      <Filter>Header Files\GameObjects\Enemies</Filter>
    </ClInclude>
    <ClInclude Include="GreenKoopa.h">
      <Filter>Header Files</Filter>
    </ClInclude>
    <ClInclude Include="RedKoopa.h">
      <Filter>Header Files</Filter>
    </ClInclude>
    <ClInclude Include="GoldBrick.h">
      <Filter>Header Files\GameObjects\Blocks</Filter>
    </ClInclude>
    <ClInclude Include="ScoreValues.h">
      <Filter>Header Files\Systems</Filter>
    </ClInclude>
  </ItemGroup>
  <ItemGroup>
    <ClCompile Include="main.cpp">
      <Filter>Source Files</Filter>
    </ClCompile>
    <ClCompile Include="GameObject.cpp">
      <Filter>Source Files\GameObjects</Filter>
    </ClCompile>
    <ClCompile Include="Animation.cpp">
      <Filter>Source Files\Systems\Graphics</Filter>
    </ClCompile>
    <ClCompile Include="Animations.cpp">
      <Filter>Source Files\Systems\Graphics</Filter>
    </ClCompile>
    <ClCompile Include="Textures.cpp">
      <Filter>Source Files\Systems\Graphics</Filter>
    </ClCompile>
    <ClCompile Include="Sprites.cpp">
      <Filter>Source Files\Systems\Graphics</Filter>
    </ClCompile>
    <ClCompile Include="Sprite.cpp">
      <Filter>Source Files\Systems\Graphics</Filter>
    </ClCompile>
    <ClCompile Include="Collision.cpp">
      <Filter>Source Files\Physics</Filter>
    </ClCompile>
    <ClCompile Include="Utils.cpp">
      <Filter>Source Files\Systems</Filter>
    </ClCompile>
    <ClCompile Include="debug.cpp">
      <Filter>Source Files\Systems</Filter>
    </ClCompile>
    <ClCompile Include="Game.cpp">
      <Filter>Source Files\Systems</Filter>
    </ClCompile>
    <ClCompile Include="Mario.cpp">
      <Filter>Source Files\GameObjects\Player</Filter>
    </ClCompile>
    <ClCompile Include="Goomba.cpp">
      <Filter>Source Files\GameObjects\Enemies</Filter>
    </ClCompile>
    <ClCompile Include="Coin.cpp">
      <Filter>Source Files\GameObjects\Items</Filter>
    </ClCompile>
    <ClCompile Include="Brick.cpp">
      <Filter>Source Files\GameObjects\Blocks</Filter>
    </ClCompile>
    <ClCompile Include="Platform.cpp">
      <Filter>Source Files\GameObjects\Blocks</Filter>
    </ClCompile>
    <ClCompile Include="Portal.cpp">
      <Filter>Source Files\GameObjects\Blocks</Filter>
    </ClCompile>
    <ClCompile Include="PlayScene.cpp">
      <Filter>Source Files\Systems\Scenes</Filter>
    </ClCompile>
    <ClCompile Include="SampleKeyEventHandler.cpp">
      <Filter>Source Files\Systems\Inputs</Filter>
    </ClCompile>
    <ClCompile Include="BackGroundImage.cpp">
      <Filter>Source Files\GameObjects\BackGrounds</Filter>
    </ClCompile>
    <ClCompile Include="Pipe.cpp">
      <Filter>Source Files\GameObjects\Blocks</Filter>
    </ClCompile>
    <ClCompile Include="BackGroundTile.cpp">
      <Filter>Source Files\GameObjects\BackGrounds</Filter>
    </ClCompile>
    <ClCompile Include="QuestionBlock.cpp">
      <Filter>Source Files\GameObjects\Blocks</Filter>
    </ClCompile>
    <ClCompile Include="SpawnTrigger.cpp">
      <Filter>Source Files\GameObjects\Enemies</Filter>
    </ClCompile>
    <ClCompile Include="RedGoomba.cpp">
      <Filter>Source Files\GameObjects\Enemies</Filter>
    </ClCompile>
    <ClCompile Include="Koopa.cpp">
      <Filter>Source Files\GameObjects\Enemies</Filter>
    </ClCompile>
    <ClCompile Include="Mushroom.cpp">
      <Filter>Source Files\GameObjects\Items</Filter>
    </ClCompile>
    <ClCompile Include="Leaf.cpp">
      <Filter>Source Files\GameObjects\Items</Filter>
    </ClCompile>
    <ClCompile Include="PiranhaPlant.cpp">
      <Filter>Source Files\GameObjects\Enemies</Filter>
    </ClCompile>
    <ClCompile Include="Bullet.cpp">
      <Filter>Source Files\GameObjects\Enemies</Filter>
    </ClCompile>
    <ClCompile Include="GreenKoopa.cpp">
      <Filter>Source Files</Filter>
    </ClCompile>
    <ClCompile Include="RedKoopa.cpp">
      <Filter>Source Files</Filter>
    </ClCompile>
    <ClCompile Include="GoldBrick.cpp">
      <Filter>Source Files\GameObjects\Blocks</Filter>
    </ClCompile>
  </ItemGroup>
</Project>